// !$*UTF8*$!
{
	archiveVersion = 1;
	classes = {
	};
	objectVersion = 46;
	objects = {

/* Begin PBXBuildFile section */
		1DD55116B3EF688B75A30543 /* Pods_YourChoice.framework in Frameworks */ = {isa = PBXBuildFile; fileRef = 273C25D864DA5DE32D8E2876 /* Pods_YourChoice.framework */; };
		236ED185753EA4320ED4CB03 /* Pods_YourChoiceUITests.framework in Frameworks */ = {isa = PBXBuildFile; fileRef = 53FA20444DBFD71C0F4EA738 /* Pods_YourChoiceUITests.framework */; };
		824684551E5346DD0006E408 /* YCBaseViewController.swift in Sources */ = {isa = PBXBuildFile; fileRef = 824684541E5346DD0006E408 /* YCBaseViewController.swift */; };
		824684581E534B4C0006E408 /* YCUtils.swift in Sources */ = {isa = PBXBuildFile; fileRef = 824684571E534B4C0006E408 /* YCUtils.swift */; };
		8246845A1E534D550006E408 /* Constants.swift in Sources */ = {isa = PBXBuildFile; fileRef = 824684591E534D550006E408 /* Constants.swift */; };
		8246845C1E534DCF0006E408 /* YCLoginViewController.swift in Sources */ = {isa = PBXBuildFile; fileRef = 8246845B1E534DCF0006E408 /* YCLoginViewController.swift */; };
		8246845E1E53583B0006E408 /* YCActivityIndicator.swift in Sources */ = {isa = PBXBuildFile; fileRef = 8246845D1E53583B0006E408 /* YCActivityIndicator.swift */; };
		824684611E5362BF0006E408 /* ViewControllerExtensions.swift in Sources */ = {isa = PBXBuildFile; fileRef = 824684601E5362BF0006E408 /* ViewControllerExtensions.swift */; };
		824684641E546BC30006E408 /* YCDataModel.swift in Sources */ = {isa = PBXBuildFile; fileRef = 824684631E546BC30006E408 /* YCDataModel.swift */; };
		8246846D1E5475180006E408 /* YourChoice.xcdatamodeld in Sources */ = {isa = PBXBuildFile; fileRef = 8246846B1E5475180006E408 /* YourChoice.xcdatamodeld */; };
		8246846F1E5477110006E408 /* User.swift in Sources */ = {isa = PBXBuildFile; fileRef = 8246846E1E5477110006E408 /* User.swift */; };
		824684721E5478F40006E408 /* Photo.swift in Sources */ = {isa = PBXBuildFile; fileRef = 824684701E5478F40006E408 /* Photo.swift */; };
		824684771E547BD50006E408 /* ImageCache.swift in Sources */ = {isa = PBXBuildFile; fileRef = 824684761E547BD50006E408 /* ImageCache.swift */; };
		824684791E547D200006E408 /* CoreDataStackManager.swift in Sources */ = {isa = PBXBuildFile; fileRef = 824684781E547D200006E408 /* CoreDataStackManager.swift */; };
		8246847B1E54B4EB0006E408 /* YCRegistationViewController.swift in Sources */ = {isa = PBXBuildFile; fileRef = 8246847A1E54B4EB0006E408 /* YCRegistationViewController.swift */; };
		8246847D1E54B6370006E408 /* YCImagePickerViewController.swift in Sources */ = {isa = PBXBuildFile; fileRef = 8246847C1E54B6370006E408 /* YCImagePickerViewController.swift */; };
		8246847F1E55EBC30006E408 /* YourChoiceViewController.swift in Sources */ = {isa = PBXBuildFile; fileRef = 8246847E1E55EBC30006E408 /* YourChoiceViewController.swift */; };
		824684811E56DCF90006E408 /* AddChoicesViewController.swift in Sources */ = {isa = PBXBuildFile; fileRef = 824684801E56DCF90006E408 /* AddChoicesViewController.swift */; };
		824684831E56DD8E0006E408 /* AddChoicesCollectionViewCell.swift in Sources */ = {isa = PBXBuildFile; fileRef = 824684821E56DD8E0006E408 /* AddChoicesCollectionViewCell.swift */; };
		824684851E57102D0006E408 /* YCImageUpdateViewController.swift in Sources */ = {isa = PBXBuildFile; fileRef = 824684841E57102D0006E408 /* YCImageUpdateViewController.swift */; };
		824684871E5747840006E408 /* Choice.swift in Sources */ = {isa = PBXBuildFile; fileRef = 824684861E5747840006E408 /* Choice.swift */; };
		824684891E5747F40006E408 /* ChoiceOptions.swift in Sources */ = {isa = PBXBuildFile; fileRef = 824684881E5747F40006E408 /* ChoiceOptions.swift */; };
		8246848B1E57610C0006E408 /* YCQuestionTableViewController.swift in Sources */ = {isa = PBXBuildFile; fileRef = 8246848A1E57610C0006E408 /* YCQuestionTableViewController.swift */; };
		824684911E5A194F0006E408 /* YCMainTableViewCell.swift in Sources */ = {isa = PBXBuildFile; fileRef = 824684901E5A194F0006E408 /* YCMainTableViewCell.swift */; };
		824684931E5A1B610006E408 /* YCEnum.swift in Sources */ = {isa = PBXBuildFile; fileRef = 824684921E5A1B610006E408 /* YCEnum.swift */; };
		824684951E5AF8AD0006E408 /* YCMainCollectionViewCell.swift in Sources */ = {isa = PBXBuildFile; fileRef = 824684941E5AF8AD0006E408 /* YCMainCollectionViewCell.swift */; };
		8246849C1E5CA81D0006E408 /* YCGetVotePageViewController.swift in Sources */ = {isa = PBXBuildFile; fileRef = 8246849B1E5CA81D0006E408 /* YCGetVotePageViewController.swift */; };
		8246849E1E5CAB780006E408 /* YCGetVoteViewController.swift in Sources */ = {isa = PBXBuildFile; fileRef = 8246849D1E5CAB780006E408 /* YCGetVoteViewController.swift */; };
		82C507CD1E51CEB3005D1DF7 /* YCValidation.swift in Sources */ = {isa = PBXBuildFile; fileRef = 82C507CC1E51CEB3005D1DF7 /* YCValidation.swift */; };
		82C507CF1E51CF3E005D1DF7 /* YCValidation.xib in Resources */ = {isa = PBXBuildFile; fileRef = 82C507CE1E51CF3E005D1DF7 /* YCValidation.xib */; };
		82F7CECF1E4F8B23001FB75D /* AppDelegate.swift in Sources */ = {isa = PBXBuildFile; fileRef = 82F7CECE1E4F8B23001FB75D /* AppDelegate.swift */; };
		82F7CED41E4F8B23001FB75D /* Main.storyboard in Resources */ = {isa = PBXBuildFile; fileRef = 82F7CED21E4F8B23001FB75D /* Main.storyboard */; };
		82F7CED61E4F8B23001FB75D /* Assets.xcassets in Resources */ = {isa = PBXBuildFile; fileRef = 82F7CED51E4F8B23001FB75D /* Assets.xcassets */; };
		82F7CED91E4F8B23001FB75D /* LaunchScreen.storyboard in Resources */ = {isa = PBXBuildFile; fileRef = 82F7CED71E4F8B23001FB75D /* LaunchScreen.storyboard */; };
		82F7CEE41E4F8B23001FB75D /* YourChoiceTests.swift in Sources */ = {isa = PBXBuildFile; fileRef = 82F7CEE31E4F8B23001FB75D /* YourChoiceTests.swift */; };
		82F7CEEF1E4F8B23001FB75D /* YourChoiceUITests.swift in Sources */ = {isa = PBXBuildFile; fileRef = 82F7CEEE1E4F8B23001FB75D /* YourChoiceUITests.swift */; };
		82F7CEFD1E50DD2F001FB75D /* GoogleService-Info.plist in Resources */ = {isa = PBXBuildFile; fileRef = 82F7CEFC1E50DD2F001FB75D /* GoogleService-Info.plist */; };
		E4FC0CE385C2A5654B556DF3 /* Pods_YourChoiceTests.framework in Frameworks */ = {isa = PBXBuildFile; fileRef = E2756C117FB129CE06B418A4 /* Pods_YourChoiceTests.framework */; };
/* End PBXBuildFile section */

/* Begin PBXContainerItemProxy section */
		82F7CEE01E4F8B23001FB75D /* PBXContainerItemProxy */ = {
			isa = PBXContainerItemProxy;
			containerPortal = 82F7CEC31E4F8B23001FB75D /* Project object */;
			proxyType = 1;
			remoteGlobalIDString = 82F7CECA1E4F8B23001FB75D;
			remoteInfo = YourChoice;
		};
		82F7CEEB1E4F8B23001FB75D /* PBXContainerItemProxy */ = {
			isa = PBXContainerItemProxy;
			containerPortal = 82F7CEC31E4F8B23001FB75D /* Project object */;
			proxyType = 1;
			remoteGlobalIDString = 82F7CECA1E4F8B23001FB75D;
			remoteInfo = YourChoice;
		};
/* End PBXContainerItemProxy section */

/* Begin PBXFileReference section */
		03EE68EB8408C3E497F7EA9D /* Pods-YourChoice.debug.xcconfig */ = {isa = PBXFileReference; includeInIndex = 1; lastKnownFileType = text.xcconfig; name = "Pods-YourChoice.debug.xcconfig"; path = "Pods/Target Support Files/Pods-YourChoice/Pods-YourChoice.debug.xcconfig"; sourceTree = "<group>"; };
		07908CBA8CE5DF3477DD9D4F /* Pods-YourChoiceUITests.release.xcconfig */ = {isa = PBXFileReference; includeInIndex = 1; lastKnownFileType = text.xcconfig; name = "Pods-YourChoiceUITests.release.xcconfig"; path = "Pods/Target Support Files/Pods-YourChoiceUITests/Pods-YourChoiceUITests.release.xcconfig"; sourceTree = "<group>"; };
		152B833D9073F2B915805B75 /* Pods-YourChoice.release.xcconfig */ = {isa = PBXFileReference; includeInIndex = 1; lastKnownFileType = text.xcconfig; name = "Pods-YourChoice.release.xcconfig"; path = "Pods/Target Support Files/Pods-YourChoice/Pods-YourChoice.release.xcconfig"; sourceTree = "<group>"; };
		273C25D864DA5DE32D8E2876 /* Pods_YourChoice.framework */ = {isa = PBXFileReference; explicitFileType = wrapper.framework; includeInIndex = 0; path = Pods_YourChoice.framework; sourceTree = BUILT_PRODUCTS_DIR; };
		464A7A810173074482C04BAD /* Pods-YourChoiceUITests.debug.xcconfig */ = {isa = PBXFileReference; includeInIndex = 1; lastKnownFileType = text.xcconfig; name = "Pods-YourChoiceUITests.debug.xcconfig"; path = "Pods/Target Support Files/Pods-YourChoiceUITests/Pods-YourChoiceUITests.debug.xcconfig"; sourceTree = "<group>"; };
		53FA20444DBFD71C0F4EA738 /* Pods_YourChoiceUITests.framework */ = {isa = PBXFileReference; explicitFileType = wrapper.framework; includeInIndex = 0; path = Pods_YourChoiceUITests.framework; sourceTree = BUILT_PRODUCTS_DIR; };
		824684541E5346DD0006E408 /* YCBaseViewController.swift */ = {isa = PBXFileReference; fileEncoding = 4; lastKnownFileType = sourcecode.swift; name = YCBaseViewController.swift; path = Controllers/YCBaseViewController.swift; sourceTree = "<group>"; };
		824684571E534B4C0006E408 /* YCUtils.swift */ = {isa = PBXFileReference; fileEncoding = 4; lastKnownFileType = sourcecode.swift; name = YCUtils.swift; path = Utils/YCUtils.swift; sourceTree = "<group>"; };
		824684591E534D550006E408 /* Constants.swift */ = {isa = PBXFileReference; fileEncoding = 4; lastKnownFileType = sourcecode.swift; name = Constants.swift; path = Utils/Constants.swift; sourceTree = "<group>"; };
		8246845B1E534DCF0006E408 /* YCLoginViewController.swift */ = {isa = PBXFileReference; fileEncoding = 4; lastKnownFileType = sourcecode.swift; name = YCLoginViewController.swift; path = Controllers/YCLoginViewController.swift; sourceTree = "<group>"; };
		8246845D1E53583B0006E408 /* YCActivityIndicator.swift */ = {isa = PBXFileReference; fileEncoding = 4; lastKnownFileType = sourcecode.swift; name = YCActivityIndicator.swift; path = Utils/YCActivityIndicator.swift; sourceTree = "<group>"; };
		824684601E5362BF0006E408 /* ViewControllerExtensions.swift */ = {isa = PBXFileReference; fileEncoding = 4; lastKnownFileType = sourcecode.swift; name = ViewControllerExtensions.swift; path = Extensions/ViewControllerExtensions.swift; sourceTree = "<group>"; };
		824684631E546BC30006E408 /* YCDataModel.swift */ = {isa = PBXFileReference; fileEncoding = 4; lastKnownFileType = sourcecode.swift; name = YCDataModel.swift; path = ModalClasses/YCDataModel.swift; sourceTree = "<group>"; };
		8246846C1E5475180006E408 /* YourChoice.xcdatamodel */ = {isa = PBXFileReference; lastKnownFileType = wrapper.xcdatamodel; path = YourChoice.xcdatamodel; sourceTree = "<group>"; };
		8246846E1E5477110006E408 /* User.swift */ = {isa = PBXFileReference; fileEncoding = 4; lastKnownFileType = sourcecode.swift; name = User.swift; path = "Core Data/User.swift"; sourceTree = "<group>"; };
		824684701E5478F40006E408 /* Photo.swift */ = {isa = PBXFileReference; fileEncoding = 4; lastKnownFileType = sourcecode.swift; name = Photo.swift; path = "Core Data/Photo.swift"; sourceTree = "<group>"; };
		824684761E547BD50006E408 /* ImageCache.swift */ = {isa = PBXFileReference; fileEncoding = 4; lastKnownFileType = sourcecode.swift; path = ImageCache.swift; sourceTree = "<group>"; };
		824684781E547D200006E408 /* CoreDataStackManager.swift */ = {isa = PBXFileReference; fileEncoding = 4; lastKnownFileType = sourcecode.swift; path = CoreDataStackManager.swift; sourceTree = "<group>"; };
		8246847A1E54B4EB0006E408 /* YCRegistationViewController.swift */ = {isa = PBXFileReference; fileEncoding = 4; lastKnownFileType = sourcecode.swift; path = YCRegistationViewController.swift; sourceTree = "<group>"; };
		8246847C1E54B6370006E408 /* YCImagePickerViewController.swift */ = {isa = PBXFileReference; fileEncoding = 4; lastKnownFileType = sourcecode.swift; path = YCImagePickerViewController.swift; sourceTree = "<group>"; };
		8246847E1E55EBC30006E408 /* YourChoiceViewController.swift */ = {isa = PBXFileReference; fileEncoding = 4; lastKnownFileType = sourcecode.swift; path = YourChoiceViewController.swift; sourceTree = "<group>"; };
		824684801E56DCF90006E408 /* AddChoicesViewController.swift */ = {isa = PBXFileReference; fileEncoding = 4; lastKnownFileType = sourcecode.swift; path = AddChoicesViewController.swift; sourceTree = "<group>"; };
		824684821E56DD8E0006E408 /* AddChoicesCollectionViewCell.swift */ = {isa = PBXFileReference; fileEncoding = 4; lastKnownFileType = sourcecode.swift; path = AddChoicesCollectionViewCell.swift; sourceTree = "<group>"; };
		824684841E57102D0006E408 /* YCImageUpdateViewController.swift */ = {isa = PBXFileReference; fileEncoding = 4; lastKnownFileType = sourcecode.swift; path = YCImageUpdateViewController.swift; sourceTree = "<group>"; };
		824684861E5747840006E408 /* Choice.swift */ = {isa = PBXFileReference; fileEncoding = 4; lastKnownFileType = sourcecode.swift; path = Choice.swift; sourceTree = "<group>"; };
		824684881E5747F40006E408 /* ChoiceOptions.swift */ = {isa = PBXFileReference; fileEncoding = 4; lastKnownFileType = sourcecode.swift; path = ChoiceOptions.swift; sourceTree = "<group>"; };
		8246848A1E57610C0006E408 /* YCQuestionTableViewController.swift */ = {isa = PBXFileReference; fileEncoding = 4; lastKnownFileType = sourcecode.swift; path = YCQuestionTableViewController.swift; sourceTree = "<group>"; };
		824684901E5A194F0006E408 /* YCMainTableViewCell.swift */ = {isa = PBXFileReference; fileEncoding = 4; lastKnownFileType = sourcecode.swift; path = YCMainTableViewCell.swift; sourceTree = "<group>"; };
		824684921E5A1B610006E408 /* YCEnum.swift */ = {isa = PBXFileReference; fileEncoding = 4; lastKnownFileType = sourcecode.swift; path = YCEnum.swift; sourceTree = "<group>"; };
		824684941E5AF8AD0006E408 /* YCMainCollectionViewCell.swift */ = {isa = PBXFileReference; fileEncoding = 4; lastKnownFileType = sourcecode.swift; path = YCMainCollectionViewCell.swift; sourceTree = "<group>"; };
		8246849B1E5CA81D0006E408 /* YCGetVotePageViewController.swift */ = {isa = PBXFileReference; fileEncoding = 4; lastKnownFileType = sourcecode.swift; path = YCGetVotePageViewController.swift; sourceTree = "<group>"; };
		8246849D1E5CAB780006E408 /* YCGetVoteViewController.swift */ = {isa = PBXFileReference; fileEncoding = 4; lastKnownFileType = sourcecode.swift; path = YCGetVoteViewController.swift; sourceTree = "<group>"; };
		82C507CC1E51CEB3005D1DF7 /* YCValidation.swift */ = {isa = PBXFileReference; fileEncoding = 4; lastKnownFileType = sourcecode.swift; name = YCValidation.swift; path = Views/YCValidation.swift; sourceTree = "<group>"; };
		82C507CE1E51CF3E005D1DF7 /* YCValidation.xib */ = {isa = PBXFileReference; fileEncoding = 4; lastKnownFileType = file.xib; name = YCValidation.xib; path = Views/YCValidation.xib; sourceTree = "<group>"; };
		82F7CECB1E4F8B23001FB75D /* YourChoice.app */ = {isa = PBXFileReference; explicitFileType = wrapper.application; includeInIndex = 0; path = YourChoice.app; sourceTree = BUILT_PRODUCTS_DIR; };
		82F7CECE1E4F8B23001FB75D /* AppDelegate.swift */ = {isa = PBXFileReference; lastKnownFileType = sourcecode.swift; path = AppDelegate.swift; sourceTree = "<group>"; };
		82F7CED31E4F8B23001FB75D /* Base */ = {isa = PBXFileReference; lastKnownFileType = file.storyboard; name = Base; path = Base.lproj/Main.storyboard; sourceTree = "<group>"; };
		82F7CED51E4F8B23001FB75D /* Assets.xcassets */ = {isa = PBXFileReference; lastKnownFileType = folder.assetcatalog; path = Assets.xcassets; sourceTree = "<group>"; };
		82F7CED81E4F8B23001FB75D /* Base */ = {isa = PBXFileReference; lastKnownFileType = file.storyboard; name = Base; path = Base.lproj/LaunchScreen.storyboard; sourceTree = "<group>"; };
		82F7CEDA1E4F8B23001FB75D /* Info.plist */ = {isa = PBXFileReference; lastKnownFileType = text.plist.xml; path = Info.plist; sourceTree = "<group>"; };
		82F7CEDF1E4F8B23001FB75D /* YourChoiceTests.xctest */ = {isa = PBXFileReference; explicitFileType = wrapper.cfbundle; includeInIndex = 0; path = YourChoiceTests.xctest; sourceTree = BUILT_PRODUCTS_DIR; };
		82F7CEE31E4F8B23001FB75D /* YourChoiceTests.swift */ = {isa = PBXFileReference; lastKnownFileType = sourcecode.swift; path = YourChoiceTests.swift; sourceTree = "<group>"; };
		82F7CEE51E4F8B23001FB75D /* Info.plist */ = {isa = PBXFileReference; lastKnownFileType = text.plist.xml; path = Info.plist; sourceTree = "<group>"; };
		82F7CEEA1E4F8B23001FB75D /* YourChoiceUITests.xctest */ = {isa = PBXFileReference; explicitFileType = wrapper.cfbundle; includeInIndex = 0; path = YourChoiceUITests.xctest; sourceTree = BUILT_PRODUCTS_DIR; };
		82F7CEEE1E4F8B23001FB75D /* YourChoiceUITests.swift */ = {isa = PBXFileReference; lastKnownFileType = sourcecode.swift; path = YourChoiceUITests.swift; sourceTree = "<group>"; };
		82F7CEF01E4F8B23001FB75D /* Info.plist */ = {isa = PBXFileReference; lastKnownFileType = text.plist.xml; path = Info.plist; sourceTree = "<group>"; };
		82F7CEFC1E50DD2F001FB75D /* GoogleService-Info.plist */ = {isa = PBXFileReference; fileEncoding = 4; lastKnownFileType = text.plist.xml; path = "GoogleService-Info.plist"; sourceTree = "<group>"; };
		E1519DE7F0B1A2488850D502 /* Pods-YourChoiceTests.release.xcconfig */ = {isa = PBXFileReference; includeInIndex = 1; lastKnownFileType = text.xcconfig; name = "Pods-YourChoiceTests.release.xcconfig"; path = "Pods/Target Support Files/Pods-YourChoiceTests/Pods-YourChoiceTests.release.xcconfig"; sourceTree = "<group>"; };
		E2756C117FB129CE06B418A4 /* Pods_YourChoiceTests.framework */ = {isa = PBXFileReference; explicitFileType = wrapper.framework; includeInIndex = 0; path = Pods_YourChoiceTests.framework; sourceTree = BUILT_PRODUCTS_DIR; };
		ECB493FFA1A27D659630F2B7 /* Pods-YourChoiceTests.debug.xcconfig */ = {isa = PBXFileReference; includeInIndex = 1; lastKnownFileType = text.xcconfig; name = "Pods-YourChoiceTests.debug.xcconfig"; path = "Pods/Target Support Files/Pods-YourChoiceTests/Pods-YourChoiceTests.debug.xcconfig"; sourceTree = "<group>"; };
/* End PBXFileReference section */

/* Begin PBXFrameworksBuildPhase section */
		82F7CEC81E4F8B23001FB75D /* Frameworks */ = {
			isa = PBXFrameworksBuildPhase;
			buildActionMask = 2147483647;
			files = (
				1DD55116B3EF688B75A30543 /* Pods_YourChoice.framework in Frameworks */,
			);
			runOnlyForDeploymentPostprocessing = 0;
		};
		82F7CEDC1E4F8B23001FB75D /* Frameworks */ = {
			isa = PBXFrameworksBuildPhase;
			buildActionMask = 2147483647;
			files = (
				E4FC0CE385C2A5654B556DF3 /* Pods_YourChoiceTests.framework in Frameworks */,
			);
			runOnlyForDeploymentPostprocessing = 0;
		};
		82F7CEE71E4F8B23001FB75D /* Frameworks */ = {
			isa = PBXFrameworksBuildPhase;
			buildActionMask = 2147483647;
			files = (
				236ED185753EA4320ED4CB03 /* Pods_YourChoiceUITests.framework in Frameworks */,
			);
			runOnlyForDeploymentPostprocessing = 0;
		};
/* End PBXFrameworksBuildPhase section */

/* Begin PBXGroup section */
		7A9E953651861DA66C4335B8 /* Pods */ = {
			isa = PBXGroup;
			children = (
				03EE68EB8408C3E497F7EA9D /* Pods-YourChoice.debug.xcconfig */,
				152B833D9073F2B915805B75 /* Pods-YourChoice.release.xcconfig */,
				ECB493FFA1A27D659630F2B7 /* Pods-YourChoiceTests.debug.xcconfig */,
				E1519DE7F0B1A2488850D502 /* Pods-YourChoiceTests.release.xcconfig */,
				464A7A810173074482C04BAD /* Pods-YourChoiceUITests.debug.xcconfig */,
				07908CBA8CE5DF3477DD9D4F /* Pods-YourChoiceUITests.release.xcconfig */,
			);
			name = Pods;
			sourceTree = "<group>";
		};
		824684531E5346620006E408 /* Controllers */ = {
			isa = PBXGroup;
			children = (
				824684541E5346DD0006E408 /* YCBaseViewController.swift */,
				8246845B1E534DCF0006E408 /* YCLoginViewController.swift */,
				8246847A1E54B4EB0006E408 /* YCRegistationViewController.swift */,
				8246847C1E54B6370006E408 /* YCImagePickerViewController.swift */,
				8246847E1E55EBC30006E408 /* YourChoiceViewController.swift */,
				824684801E56DCF90006E408 /* AddChoicesViewController.swift */,
				824684841E57102D0006E408 /* YCImageUpdateViewController.swift */,
				8246848A1E57610C0006E408 /* YCQuestionTableViewController.swift */,
				8246849B1E5CA81D0006E408 /* YCGetVotePageViewController.swift */,
				8246849D1E5CAB780006E408 /* YCGetVoteViewController.swift */,
			);
			name = Controllers;
			sourceTree = "<group>";
		};
		824684561E534A900006E408 /* Utils */ = {
			isa = PBXGroup;
			children = (
				824684571E534B4C0006E408 /* YCUtils.swift */,
				824684591E534D550006E408 /* Constants.swift */,
				8246845D1E53583B0006E408 /* YCActivityIndicator.swift */,
				824684921E5A1B610006E408 /* YCEnum.swift */,
			);
			name = Utils;
			sourceTree = "<group>";
		};
		8246845F1E5362150006E408 /* Extensions */ = {
			isa = PBXGroup;
			children = (
				824684601E5362BF0006E408 /* ViewControllerExtensions.swift */,
			);
			name = Extensions;
			sourceTree = "<group>";
		};
		824684621E546B770006E408 /* Model Classes */ = {
			isa = PBXGroup;
			children = (
				824684631E546BC30006E408 /* YCDataModel.swift */,
			);
			name = "Model Classes";
			sourceTree = "<group>";
		};
		824684651E546FAE0006E408 /* Core Data */ = {
			isa = PBXGroup;
			children = (
				8246846B1E5475180006E408 /* YourChoice.xcdatamodeld */,
				8246846E1E5477110006E408 /* User.swift */,
				824684701E5478F40006E408 /* Photo.swift */,
				824684761E547BD50006E408 /* ImageCache.swift */,
				824684781E547D200006E408 /* CoreDataStackManager.swift */,
				824684861E5747840006E408 /* Choice.swift */,
				824684881E5747F40006E408 /* ChoiceOptions.swift */,
			);
			name = "Core Data";
			sourceTree = "<group>";
		};
		82C507CB1E51CD9D005D1DF7 /* Views */ = {
			isa = PBXGroup;
			children = (
				82C507CC1E51CEB3005D1DF7 /* YCValidation.swift */,
				82C507CE1E51CF3E005D1DF7 /* YCValidation.xib */,
				824684821E56DD8E0006E408 /* AddChoicesCollectionViewCell.swift */,
				824684901E5A194F0006E408 /* YCMainTableViewCell.swift */,
				824684941E5AF8AD0006E408 /* YCMainCollectionViewCell.swift */,
			);
			name = Views;
			sourceTree = "<group>";
		};
		82F7CEC21E4F8B23001FB75D = {
			isa = PBXGroup;
			children = (
				82F7CECD1E4F8B23001FB75D /* YourChoice */,
				82F7CEE21E4F8B23001FB75D /* YourChoiceTests */,
				82F7CEED1E4F8B23001FB75D /* YourChoiceUITests */,
				82F7CECC1E4F8B23001FB75D /* Products */,
				7A9E953651861DA66C4335B8 /* Pods */,
				E1E18FC8DFEBD971DAD4F8E1 /* Frameworks */,
			);
			sourceTree = "<group>";
		};
		82F7CECC1E4F8B23001FB75D /* Products */ = {
			isa = PBXGroup;
			children = (
				82F7CECB1E4F8B23001FB75D /* YourChoice.app */,
				82F7CEDF1E4F8B23001FB75D /* YourChoiceTests.xctest */,
				82F7CEEA1E4F8B23001FB75D /* YourChoiceUITests.xctest */,
			);
			name = Products;
			sourceTree = "<group>";
		};
		82F7CECD1E4F8B23001FB75D /* YourChoice */ = {
			isa = PBXGroup;
			children = (
				824684651E546FAE0006E408 /* Core Data */,
				824684621E546B770006E408 /* Model Classes */,
				8246845F1E5362150006E408 /* Extensions */,
				824684561E534A900006E408 /* Utils */,
				824684531E5346620006E408 /* Controllers */,
				82C507CB1E51CD9D005D1DF7 /* Views */,
				82F7CECE1E4F8B23001FB75D /* AppDelegate.swift */,
				82F7CED21E4F8B23001FB75D /* Main.storyboard */,
				82F7CED51E4F8B23001FB75D /* Assets.xcassets */,
				82F7CED71E4F8B23001FB75D /* LaunchScreen.storyboard */,
				82F7CEDA1E4F8B23001FB75D /* Info.plist */,
				82F7CEFC1E50DD2F001FB75D /* GoogleService-Info.plist */,
			);
			path = YourChoice;
			sourceTree = "<group>";
		};
		82F7CEE21E4F8B23001FB75D /* YourChoiceTests */ = {
			isa = PBXGroup;
			children = (
				82F7CEE31E4F8B23001FB75D /* YourChoiceTests.swift */,
				82F7CEE51E4F8B23001FB75D /* Info.plist */,
			);
			path = YourChoiceTests;
			sourceTree = "<group>";
		};
		82F7CEED1E4F8B23001FB75D /* YourChoiceUITests */ = {
			isa = PBXGroup;
			children = (
				82F7CEEE1E4F8B23001FB75D /* YourChoiceUITests.swift */,
				82F7CEF01E4F8B23001FB75D /* Info.plist */,
			);
			path = YourChoiceUITests;
			sourceTree = "<group>";
		};
		E1E18FC8DFEBD971DAD4F8E1 /* Frameworks */ = {
			isa = PBXGroup;
			children = (
				273C25D864DA5DE32D8E2876 /* Pods_YourChoice.framework */,
				E2756C117FB129CE06B418A4 /* Pods_YourChoiceTests.framework */,
				53FA20444DBFD71C0F4EA738 /* Pods_YourChoiceUITests.framework */,
			);
			name = Frameworks;
			sourceTree = "<group>";
		};
/* End PBXGroup section */

/* Begin PBXNativeTarget section */
		82F7CECA1E4F8B23001FB75D /* YourChoice */ = {
			isa = PBXNativeTarget;
			buildConfigurationList = 82F7CEF31E4F8B23001FB75D /* Build configuration list for PBXNativeTarget "YourChoice" */;
			buildPhases = (
				B889ABEC728E183E0B4F0252 /* [CP] Check Pods Manifest.lock */,
				82F7CEC71E4F8B23001FB75D /* Sources */,
				82F7CEC81E4F8B23001FB75D /* Frameworks */,
				82F7CEC91E4F8B23001FB75D /* Resources */,
				C242E4873E5AEE4927D24F00 /* [CP] Embed Pods Frameworks */,
				17EE412E8B3ACDF4E1193A10 /* [CP] Copy Pods Resources */,
			);
			buildRules = (
			);
			dependencies = (
			);
			name = YourChoice;
			productName = YourChoice;
			productReference = 82F7CECB1E4F8B23001FB75D /* YourChoice.app */;
			productType = "com.apple.product-type.application";
		};
		82F7CEDE1E4F8B23001FB75D /* YourChoiceTests */ = {
			isa = PBXNativeTarget;
			buildConfigurationList = 82F7CEF61E4F8B23001FB75D /* Build configuration list for PBXNativeTarget "YourChoiceTests" */;
			buildPhases = (
				B29E5352EF27E4C92BB286D6 /* [CP] Check Pods Manifest.lock */,
				82F7CEDB1E4F8B23001FB75D /* Sources */,
				82F7CEDC1E4F8B23001FB75D /* Frameworks */,
				82F7CEDD1E4F8B23001FB75D /* Resources */,
				3C5724B4C7DC2F75EE0381F8 /* [CP] Embed Pods Frameworks */,
				12AC55718CDA7ACDBD60F83E /* [CP] Copy Pods Resources */,
			);
			buildRules = (
			);
			dependencies = (
				82F7CEE11E4F8B23001FB75D /* PBXTargetDependency */,
			);
			name = YourChoiceTests;
			productName = YourChoiceTests;
			productReference = 82F7CEDF1E4F8B23001FB75D /* YourChoiceTests.xctest */;
			productType = "com.apple.product-type.bundle.unit-test";
		};
		82F7CEE91E4F8B23001FB75D /* YourChoiceUITests */ = {
			isa = PBXNativeTarget;
			buildConfigurationList = 82F7CEF91E4F8B23001FB75D /* Build configuration list for PBXNativeTarget "YourChoiceUITests" */;
			buildPhases = (
				F529264003F8656EC4C8611E /* [CP] Check Pods Manifest.lock */,
				82F7CEE61E4F8B23001FB75D /* Sources */,
				82F7CEE71E4F8B23001FB75D /* Frameworks */,
				82F7CEE81E4F8B23001FB75D /* Resources */,
				E569B8687D139DFB4153DE79 /* [CP] Embed Pods Frameworks */,
				D64F90AC3E117CAE06374A03 /* [CP] Copy Pods Resources */,
			);
			buildRules = (
			);
			dependencies = (
				82F7CEEC1E4F8B23001FB75D /* PBXTargetDependency */,
			);
			name = YourChoiceUITests;
			productName = YourChoiceUITests;
			productReference = 82F7CEEA1E4F8B23001FB75D /* YourChoiceUITests.xctest */;
			productType = "com.apple.product-type.bundle.ui-testing";
		};
/* End PBXNativeTarget section */

/* Begin PBXProject section */
		82F7CEC31E4F8B23001FB75D /* Project object */ = {
			isa = PBXProject;
			attributes = {
				LastSwiftUpdateCheck = 0820;
				LastUpgradeCheck = 0820;
				ORGANIZATIONNAME = Kurapati;
				TargetAttributes = {
					82F7CECA1E4F8B23001FB75D = {
						CreatedOnToolsVersion = 8.2.1;
						DevelopmentTeam = YZ76H73446;
						ProvisioningStyle = Automatic;
					};
					82F7CEDE1E4F8B23001FB75D = {
						CreatedOnToolsVersion = 8.2.1;
						DevelopmentTeam = W5YLNDNXLR;
						ProvisioningStyle = Automatic;
						TestTargetID = 82F7CECA1E4F8B23001FB75D;
					};
					82F7CEE91E4F8B23001FB75D = {
						CreatedOnToolsVersion = 8.2.1;
						DevelopmentTeam = W5YLNDNXLR;
						ProvisioningStyle = Automatic;
						TestTargetID = 82F7CECA1E4F8B23001FB75D;
					};
				};
			};
			buildConfigurationList = 82F7CEC61E4F8B23001FB75D /* Build configuration list for PBXProject "YourChoice" */;
			compatibilityVersion = "Xcode 3.2";
			developmentRegion = English;
			hasScannedForEncodings = 0;
			knownRegions = (
				en,
				Base,
			);
			mainGroup = 82F7CEC21E4F8B23001FB75D;
			productRefGroup = 82F7CECC1E4F8B23001FB75D /* Products */;
			projectDirPath = "";
			projectRoot = "";
			targets = (
				82F7CECA1E4F8B23001FB75D /* YourChoice */,
				82F7CEDE1E4F8B23001FB75D /* YourChoiceTests */,
				82F7CEE91E4F8B23001FB75D /* YourChoiceUITests */,
			);
		};
/* End PBXProject section */

/* Begin PBXResourcesBuildPhase section */
		82F7CEC91E4F8B23001FB75D /* Resources */ = {
			isa = PBXResourcesBuildPhase;
			buildActionMask = 2147483647;
			files = (
				82F7CED91E4F8B23001FB75D /* LaunchScreen.storyboard in Resources */,
				82F7CEFD1E50DD2F001FB75D /* GoogleService-Info.plist in Resources */,
				82F7CED61E4F8B23001FB75D /* Assets.xcassets in Resources */,
				82C507CF1E51CF3E005D1DF7 /* YCValidation.xib in Resources */,
				82F7CED41E4F8B23001FB75D /* Main.storyboard in Resources */,
			);
			runOnlyForDeploymentPostprocessing = 0;
		};
		82F7CEDD1E4F8B23001FB75D /* Resources */ = {
			isa = PBXResourcesBuildPhase;
			buildActionMask = 2147483647;
			files = (
			);
			runOnlyForDeploymentPostprocessing = 0;
		};
		82F7CEE81E4F8B23001FB75D /* Resources */ = {
			isa = PBXResourcesBuildPhase;
			buildActionMask = 2147483647;
			files = (
			);
			runOnlyForDeploymentPostprocessing = 0;
		};
/* End PBXResourcesBuildPhase section */

/* Begin PBXShellScriptBuildPhase section */
		12AC55718CDA7ACDBD60F83E /* [CP] Copy Pods Resources */ = {
			isa = PBXShellScriptBuildPhase;
			buildActionMask = 2147483647;
			files = (
			);
			inputPaths = (
			);
			name = "[CP] Copy Pods Resources";
			outputPaths = (
			);
			runOnlyForDeploymentPostprocessing = 0;
			shellPath = /bin/sh;
			shellScript = "\"${SRCROOT}/Pods/Target Support Files/Pods-YourChoiceTests/Pods-YourChoiceTests-resources.sh\"\n";
			showEnvVarsInLog = 0;
		};
		17EE412E8B3ACDF4E1193A10 /* [CP] Copy Pods Resources */ = {
			isa = PBXShellScriptBuildPhase;
			buildActionMask = 2147483647;
			files = (
			);
			inputPaths = (
			);
			name = "[CP] Copy Pods Resources";
			outputPaths = (
			);
			runOnlyForDeploymentPostprocessing = 0;
			shellPath = /bin/sh;
			shellScript = "\"${SRCROOT}/Pods/Target Support Files/Pods-YourChoice/Pods-YourChoice-resources.sh\"\n";
			showEnvVarsInLog = 0;
		};
		3C5724B4C7DC2F75EE0381F8 /* [CP] Embed Pods Frameworks */ = {
			isa = PBXShellScriptBuildPhase;
			buildActionMask = 2147483647;
			files = (
			);
			inputPaths = (
			);
			name = "[CP] Embed Pods Frameworks";
			outputPaths = (
			);
			runOnlyForDeploymentPostprocessing = 0;
			shellPath = /bin/sh;
			shellScript = "\"${SRCROOT}/Pods/Target Support Files/Pods-YourChoiceTests/Pods-YourChoiceTests-frameworks.sh\"\n";
			showEnvVarsInLog = 0;
		};
		B29E5352EF27E4C92BB286D6 /* [CP] Check Pods Manifest.lock */ = {
			isa = PBXShellScriptBuildPhase;
			buildActionMask = 2147483647;
			files = (
			);
			inputPaths = (
			);
			name = "[CP] Check Pods Manifest.lock";
			outputPaths = (
			);
			runOnlyForDeploymentPostprocessing = 0;
			shellPath = /bin/sh;
			shellScript = "diff \"${PODS_ROOT}/../Podfile.lock\" \"${PODS_ROOT}/Manifest.lock\" > /dev/null\nif [ $? != 0 ] ; then\n    # print error to STDERR\n    echo \"error: The sandbox is not in sync with the Podfile.lock. Run 'pod install' or update your CocoaPods installation.\" >&2\n    exit 1\nfi\n";
			showEnvVarsInLog = 0;
		};
		B889ABEC728E183E0B4F0252 /* [CP] Check Pods Manifest.lock */ = {
			isa = PBXShellScriptBuildPhase;
			buildActionMask = 2147483647;
			files = (
			);
			inputPaths = (
			);
			name = "[CP] Check Pods Manifest.lock";
			outputPaths = (
			);
			runOnlyForDeploymentPostprocessing = 0;
			shellPath = /bin/sh;
			shellScript = "diff \"${PODS_ROOT}/../Podfile.lock\" \"${PODS_ROOT}/Manifest.lock\" > /dev/null\nif [ $? != 0 ] ; then\n    # print error to STDERR\n    echo \"error: The sandbox is not in sync with the Podfile.lock. Run 'pod install' or update your CocoaPods installation.\" >&2\n    exit 1\nfi\n";
			showEnvVarsInLog = 0;
		};
		C242E4873E5AEE4927D24F00 /* [CP] Embed Pods Frameworks */ = {
			isa = PBXShellScriptBuildPhase;
			buildActionMask = 2147483647;
			files = (
			);
			inputPaths = (
			);
			name = "[CP] Embed Pods Frameworks";
			outputPaths = (
			);
			runOnlyForDeploymentPostprocessing = 0;
			shellPath = /bin/sh;
			shellScript = "\"${SRCROOT}/Pods/Target Support Files/Pods-YourChoice/Pods-YourChoice-frameworks.sh\"\n";
			showEnvVarsInLog = 0;
		};
		D64F90AC3E117CAE06374A03 /* [CP] Copy Pods Resources */ = {
			isa = PBXShellScriptBuildPhase;
			buildActionMask = 2147483647;
			files = (
			);
			inputPaths = (
			);
			name = "[CP] Copy Pods Resources";
			outputPaths = (
			);
			runOnlyForDeploymentPostprocessing = 0;
			shellPath = /bin/sh;
			shellScript = "\"${SRCROOT}/Pods/Target Support Files/Pods-YourChoiceUITests/Pods-YourChoiceUITests-resources.sh\"\n";
			showEnvVarsInLog = 0;
		};
		E569B8687D139DFB4153DE79 /* [CP] Embed Pods Frameworks */ = {
			isa = PBXShellScriptBuildPhase;
			buildActionMask = 2147483647;
			files = (
			);
			inputPaths = (
			);
			name = "[CP] Embed Pods Frameworks";
			outputPaths = (
			);
			runOnlyForDeploymentPostprocessing = 0;
			shellPath = /bin/sh;
			shellScript = "\"${SRCROOT}/Pods/Target Support Files/Pods-YourChoiceUITests/Pods-YourChoiceUITests-frameworks.sh\"\n";
			showEnvVarsInLog = 0;
		};
		F529264003F8656EC4C8611E /* [CP] Check Pods Manifest.lock */ = {
			isa = PBXShellScriptBuildPhase;
			buildActionMask = 2147483647;
			files = (
			);
			inputPaths = (
			);
			name = "[CP] Check Pods Manifest.lock";
			outputPaths = (
			);
			runOnlyForDeploymentPostprocessing = 0;
			shellPath = /bin/sh;
			shellScript = "diff \"${PODS_ROOT}/../Podfile.lock\" \"${PODS_ROOT}/Manifest.lock\" > /dev/null\nif [ $? != 0 ] ; then\n    # print error to STDERR\n    echo \"error: The sandbox is not in sync with the Podfile.lock. Run 'pod install' or update your CocoaPods installation.\" >&2\n    exit 1\nfi\n";
			showEnvVarsInLog = 0;
		};
/* End PBXShellScriptBuildPhase section */

/* Begin PBXSourcesBuildPhase section */
		82F7CEC71E4F8B23001FB75D /* Sources */ = {
			isa = PBXSourcesBuildPhase;
			buildActionMask = 2147483647;
			files = (
				8246847B1E54B4EB0006E408 /* YCRegistationViewController.swift in Sources */,
				824684911E5A194F0006E408 /* YCMainTableViewCell.swift in Sources */,
				824684581E534B4C0006E408 /* YCUtils.swift in Sources */,
				824684871E5747840006E408 /* Choice.swift in Sources */,
				824684721E5478F40006E408 /* Photo.swift in Sources */,
				82C507CD1E51CEB3005D1DF7 /* YCValidation.swift in Sources */,
				824684931E5A1B610006E408 /* YCEnum.swift in Sources */,
				8246845E1E53583B0006E408 /* YCActivityIndicator.swift in Sources */,
				8246845C1E534DCF0006E408 /* YCLoginViewController.swift in Sources */,
				824684851E57102D0006E408 /* YCImageUpdateViewController.swift in Sources */,
				8246849C1E5CA81D0006E408 /* YCGetVotePageViewController.swift in Sources */,
				8246846D1E5475180006E408 /* YourChoice.xcdatamodeld in Sources */,
				82F7CECF1E4F8B23001FB75D /* AppDelegate.swift in Sources */,
				824684791E547D200006E408 /* CoreDataStackManager.swift in Sources */,
				824684891E5747F40006E408 /* ChoiceOptions.swift in Sources */,
				824684811E56DCF90006E408 /* AddChoicesViewController.swift in Sources */,
				8246847D1E54B6370006E408 /* YCImagePickerViewController.swift in Sources */,
				824684551E5346DD0006E408 /* YCBaseViewController.swift in Sources */,
				8246847F1E55EBC30006E408 /* YourChoiceViewController.swift in Sources */,
				824684951E5AF8AD0006E408 /* YCMainCollectionViewCell.swift in Sources */,
				8246848B1E57610C0006E408 /* YCQuestionTableViewController.swift in Sources */,
				8246846F1E5477110006E408 /* User.swift in Sources */,
				824684641E546BC30006E408 /* YCDataModel.swift in Sources */,
				824684611E5362BF0006E408 /* ViewControllerExtensions.swift in Sources */,
				824684771E547BD50006E408 /* ImageCache.swift in Sources */,
				8246849E1E5CAB780006E408 /* YCGetVoteViewController.swift in Sources */,
				8246845A1E534D550006E408 /* Constants.swift in Sources */,
				824684831E56DD8E0006E408 /* AddChoicesCollectionViewCell.swift in Sources */,
			);
			runOnlyForDeploymentPostprocessing = 0;
		};
		82F7CEDB1E4F8B23001FB75D /* Sources */ = {
			isa = PBXSourcesBuildPhase;
			buildActionMask = 2147483647;
			files = (
				82F7CEE41E4F8B23001FB75D /* YourChoiceTests.swift in Sources */,
			);
			runOnlyForDeploymentPostprocessing = 0;
		};
		82F7CEE61E4F8B23001FB75D /* Sources */ = {
			isa = PBXSourcesBuildPhase;
			buildActionMask = 2147483647;
			files = (
				82F7CEEF1E4F8B23001FB75D /* YourChoiceUITests.swift in Sources */,
			);
			runOnlyForDeploymentPostprocessing = 0;
		};
/* End PBXSourcesBuildPhase section */

/* Begin PBXTargetDependency section */
		82F7CEE11E4F8B23001FB75D /* PBXTargetDependency */ = {
			isa = PBXTargetDependency;
			target = 82F7CECA1E4F8B23001FB75D /* YourChoice */;
			targetProxy = 82F7CEE01E4F8B23001FB75D /* PBXContainerItemProxy */;
		};
		82F7CEEC1E4F8B23001FB75D /* PBXTargetDependency */ = {
			isa = PBXTargetDependency;
			target = 82F7CECA1E4F8B23001FB75D /* YourChoice */;
			targetProxy = 82F7CEEB1E4F8B23001FB75D /* PBXContainerItemProxy */;
		};
/* End PBXTargetDependency section */

/* Begin PBXVariantGroup section */
		82F7CED21E4F8B23001FB75D /* Main.storyboard */ = {
			isa = PBXVariantGroup;
			children = (
				82F7CED31E4F8B23001FB75D /* Base */,
			);
			name = Main.storyboard;
			sourceTree = "<group>";
		};
		82F7CED71E4F8B23001FB75D /* LaunchScreen.storyboard */ = {
			isa = PBXVariantGroup;
			children = (
				82F7CED81E4F8B23001FB75D /* Base */,
			);
			name = LaunchScreen.storyboard;
			sourceTree = "<group>";
		};
/* End PBXVariantGroup section */

/* Begin XCBuildConfiguration section */
		82F7CEF11E4F8B23001FB75D /* Debug */ = {
			isa = XCBuildConfiguration;
			buildSettings = {
				ALWAYS_SEARCH_USER_PATHS = NO;
				CLANG_ANALYZER_NONNULL = YES;
				CLANG_CXX_LANGUAGE_STANDARD = "gnu++0x";
				CLANG_CXX_LIBRARY = "libc++";
				CLANG_ENABLE_MODULES = YES;
				CLANG_ENABLE_OBJC_ARC = YES;
				CLANG_WARN_BOOL_CONVERSION = YES;
				CLANG_WARN_CONSTANT_CONVERSION = YES;
				CLANG_WARN_DIRECT_OBJC_ISA_USAGE = YES_ERROR;
				CLANG_WARN_DOCUMENTATION_COMMENTS = YES;
				CLANG_WARN_EMPTY_BODY = YES;
				CLANG_WARN_ENUM_CONVERSION = YES;
				CLANG_WARN_INFINITE_RECURSION = YES;
				CLANG_WARN_INT_CONVERSION = YES;
				CLANG_WARN_OBJC_ROOT_CLASS = YES_ERROR;
				CLANG_WARN_SUSPICIOUS_MOVE = YES;
				CLANG_WARN_UNREACHABLE_CODE = YES;
				CLANG_WARN__DUPLICATE_METHOD_MATCH = YES;
				"CODE_SIGN_IDENTITY[sdk=iphoneos*]" = "iPhone Developer";
				COPY_PHASE_STRIP = NO;
				DEBUG_INFORMATION_FORMAT = dwarf;
				ENABLE_STRICT_OBJC_MSGSEND = YES;
				ENABLE_TESTABILITY = YES;
				GCC_C_LANGUAGE_STANDARD = gnu99;
				GCC_DYNAMIC_NO_PIC = NO;
				GCC_NO_COMMON_BLOCKS = YES;
				GCC_OPTIMIZATION_LEVEL = 0;
				GCC_PREPROCESSOR_DEFINITIONS = (
					"DEBUG=1",
					"$(inherited)",
				);
				GCC_WARN_64_TO_32_BIT_CONVERSION = YES;
				GCC_WARN_ABOUT_RETURN_TYPE = YES_ERROR;
				GCC_WARN_UNDECLARED_SELECTOR = YES;
				GCC_WARN_UNINITIALIZED_AUTOS = YES_AGGRESSIVE;
				GCC_WARN_UNUSED_FUNCTION = YES;
				GCC_WARN_UNUSED_VARIABLE = YES;
				IPHONEOS_DEPLOYMENT_TARGET = 10.2;
				MTL_ENABLE_DEBUG_INFO = YES;
				ONLY_ACTIVE_ARCH = YES;
				SDKROOT = iphoneos;
				SWIFT_ACTIVE_COMPILATION_CONDITIONS = DEBUG;
				SWIFT_OPTIMIZATION_LEVEL = "-Onone";
				TARGETED_DEVICE_FAMILY = "1,2";
			};
			name = Debug;
		};
		82F7CEF21E4F8B23001FB75D /* Release */ = {
			isa = XCBuildConfiguration;
			buildSettings = {
				ALWAYS_SEARCH_USER_PATHS = NO;
				CLANG_ANALYZER_NONNULL = YES;
				CLANG_CXX_LANGUAGE_STANDARD = "gnu++0x";
				CLANG_CXX_LIBRARY = "libc++";
				CLANG_ENABLE_MODULES = YES;
				CLANG_ENABLE_OBJC_ARC = YES;
				CLANG_WARN_BOOL_CONVERSION = YES;
				CLANG_WARN_CONSTANT_CONVERSION = YES;
				CLANG_WARN_DIRECT_OBJC_ISA_USAGE = YES_ERROR;
				CLANG_WARN_DOCUMENTATION_COMMENTS = YES;
				CLANG_WARN_EMPTY_BODY = YES;
				CLANG_WARN_ENUM_CONVERSION = YES;
				CLANG_WARN_INFINITE_RECURSION = YES;
				CLANG_WARN_INT_CONVERSION = YES;
				CLANG_WARN_OBJC_ROOT_CLASS = YES_ERROR;
				CLANG_WARN_SUSPICIOUS_MOVE = YES;
				CLANG_WARN_UNREACHABLE_CODE = YES;
				CLANG_WARN__DUPLICATE_METHOD_MATCH = YES;
				"CODE_SIGN_IDENTITY[sdk=iphoneos*]" = "iPhone Developer";
				COPY_PHASE_STRIP = NO;
				DEBUG_INFORMATION_FORMAT = "dwarf-with-dsym";
				ENABLE_NS_ASSERTIONS = NO;
				ENABLE_STRICT_OBJC_MSGSEND = YES;
				GCC_C_LANGUAGE_STANDARD = gnu99;
				GCC_NO_COMMON_BLOCKS = YES;
				GCC_WARN_64_TO_32_BIT_CONVERSION = YES;
				GCC_WARN_ABOUT_RETURN_TYPE = YES_ERROR;
				GCC_WARN_UNDECLARED_SELECTOR = YES;
				GCC_WARN_UNINITIALIZED_AUTOS = YES_AGGRESSIVE;
				GCC_WARN_UNUSED_FUNCTION = YES;
				GCC_WARN_UNUSED_VARIABLE = YES;
				IPHONEOS_DEPLOYMENT_TARGET = 10.2;
				MTL_ENABLE_DEBUG_INFO = NO;
				SDKROOT = iphoneos;
				SWIFT_OPTIMIZATION_LEVEL = "-Owholemodule";
				TARGETED_DEVICE_FAMILY = "1,2";
				VALIDATE_PRODUCT = YES;
			};
			name = Release;
		};
		82F7CEF41E4F8B23001FB75D /* Debug */ = {
			isa = XCBuildConfiguration;
			baseConfigurationReference = 03EE68EB8408C3E497F7EA9D /* Pods-YourChoice.debug.xcconfig */;
			buildSettings = {
				ASSETCATALOG_COMPILER_APPICON_NAME = AppIcon;
				DEVELOPMENT_TEAM = YZ76H73446;
				INFOPLIST_FILE = YourChoice/Info.plist;
				LD_RUNPATH_SEARCH_PATHS = "$(inherited) @executable_path/Frameworks";
				PRODUCT_BUNDLE_IDENTIFIER = com.kurapati.YourChoice;
				PRODUCT_NAME = "$(TARGET_NAME)";
				SWIFT_VERSION = 3.0;
			};
			name = Debug;
		};
		82F7CEF51E4F8B23001FB75D /* Release */ = {
			isa = XCBuildConfiguration;
			baseConfigurationReference = 152B833D9073F2B915805B75 /* Pods-YourChoice.release.xcconfig */;
			buildSettings = {
				ASSETCATALOG_COMPILER_APPICON_NAME = AppIcon;
				DEVELOPMENT_TEAM = YZ76H73446;
				INFOPLIST_FILE = YourChoice/Info.plist;
				LD_RUNPATH_SEARCH_PATHS = "$(inherited) @executable_path/Frameworks";
				PRODUCT_BUNDLE_IDENTIFIER = com.kurapati.YourChoice;
				PRODUCT_NAME = "$(TARGET_NAME)";
				SWIFT_VERSION = 3.0;
			};
			name = Release;
		};
		82F7CEF71E4F8B23001FB75D /* Debug */ = {
			isa = XCBuildConfiguration;
			baseConfigurationReference = ECB493FFA1A27D659630F2B7 /* Pods-YourChoiceTests.debug.xcconfig */;
			buildSettings = {
				ALWAYS_EMBED_SWIFT_STANDARD_LIBRARIES = YES;
				BUNDLE_LOADER = "$(TEST_HOST)";
				DEVELOPMENT_TEAM = W5YLNDNXLR;
				INFOPLIST_FILE = YourChoiceTests/Info.plist;
				LD_RUNPATH_SEARCH_PATHS = "$(inherited) @executable_path/Frameworks @loader_path/Frameworks";
				PRODUCT_BUNDLE_IDENTIFIER = com.kurapati.YourChoiceTests;
				PRODUCT_NAME = "$(TARGET_NAME)";
				SWIFT_VERSION = 3.0;
				TEST_HOST = "$(BUILT_PRODUCTS_DIR)/YourChoice.app/YourChoice";
			};
			name = Debug;
		};
		82F7CEF81E4F8B23001FB75D /* Release */ = {
			isa = XCBuildConfiguration;
			baseConfigurationReference = E1519DE7F0B1A2488850D502 /* Pods-YourChoiceTests.release.xcconfig */;
			buildSettings = {
				ALWAYS_EMBED_SWIFT_STANDARD_LIBRARIES = YES;
				BUNDLE_LOADER = "$(TEST_HOST)";
				DEVELOPMENT_TEAM = W5YLNDNXLR;
				INFOPLIST_FILE = YourChoiceTests/Info.plist;
				LD_RUNPATH_SEARCH_PATHS = "$(inherited) @executable_path/Frameworks @loader_path/Frameworks";
				PRODUCT_BUNDLE_IDENTIFIER = com.kurapati.YourChoiceTests;
				PRODUCT_NAME = "$(TARGET_NAME)";
				SWIFT_VERSION = 3.0;
				TEST_HOST = "$(BUILT_PRODUCTS_DIR)/YourChoice.app/YourChoice";
			};
			name = Release;
		};
		82F7CEFA1E4F8B23001FB75D /* Debug */ = {
			isa = XCBuildConfiguration;
			baseConfigurationReference = 464A7A810173074482C04BAD /* Pods-YourChoiceUITests.debug.xcconfig */;
			buildSettings = {
				ALWAYS_EMBED_SWIFT_STANDARD_LIBRARIES = YES;
				DEVELOPMENT_TEAM = W5YLNDNXLR;
				INFOPLIST_FILE = YourChoiceUITests/Info.plist;
				LD_RUNPATH_SEARCH_PATHS = "$(inherited) @executable_path/Frameworks @loader_path/Frameworks";
				PRODUCT_BUNDLE_IDENTIFIER = com.kurapati.YourChoiceUITests;
				PRODUCT_NAME = "$(TARGET_NAME)";
				SWIFT_VERSION = 3.0;
				TEST_TARGET_NAME = YourChoice;
			};
			name = Debug;
		};
		82F7CEFB1E4F8B23001FB75D /* Release */ = {
			isa = XCBuildConfiguration;
			baseConfigurationReference = 07908CBA8CE5DF3477DD9D4F /* Pods-YourChoiceUITests.release.xcconfig */;
			buildSettings = {
				ALWAYS_EMBED_SWIFT_STANDARD_LIBRARIES = YES;
				DEVELOPMENT_TEAM = W5YLNDNXLR;
				INFOPLIST_FILE = YourChoiceUITests/Info.plist;
				LD_RUNPATH_SEARCH_PATHS = "$(inherited) @executable_path/Frameworks @loader_path/Frameworks";
				PRODUCT_BUNDLE_IDENTIFIER = com.kurapati.YourChoiceUITests;
				PRODUCT_NAME = "$(TARGET_NAME)";
				SWIFT_VERSION = 3.0;
				TEST_TARGET_NAME = YourChoice;
			};
			name = Release;
		};
/* End XCBuildConfiguration section */

/* Begin XCConfigurationList section */
		82F7CEC61E4F8B23001FB75D /* Build configuration list for PBXProject "YourChoice" */ = {
			isa = XCConfigurationList;
			buildConfigurations = (
				82F7CEF11E4F8B23001FB75D /* Debug */,
				82F7CEF21E4F8B23001FB75D /* Release */,
			);
			defaultConfigurationIsVisible = 0;
			defaultConfigurationName = Release;
		};
		82F7CEF31E4F8B23001FB75D /* Build configuration list for PBXNativeTarget "YourChoice" */ = {
			isa = XCConfigurationList;
			buildConfigurations = (
				82F7CEF41E4F8B23001FB75D /* Debug */,
				82F7CEF51E4F8B23001FB75D /* Release */,
			);
			defaultConfigurationIsVisible = 0;
			defaultConfigurationName = Release;
		};
		82F7CEF61E4F8B23001FB75D /* Build configuration list for PBXNativeTarget "YourChoiceTests" */ = {
			isa = XCConfigurationList;
			buildConfigurations = (
				82F7CEF71E4F8B23001FB75D /* Debug */,
				82F7CEF81E4F8B23001FB75D /* Release */,
			);
			defaultConfigurationIsVisible = 0;
			defaultConfigurationName = Release;
		};
		82F7CEF91E4F8B23001FB75D /* Build configuration list for PBXNativeTarget "YourChoiceUITests" */ = {
			isa = XCConfigurationList;
			buildConfigurations = (
				82F7CEFA1E4F8B23001FB75D /* Debug */,
				82F7CEFB1E4F8B23001FB75D /* Release */,
			);
			defaultConfigurationIsVisible = 0;
			defaultConfigurationName = Release;
		};
/* End XCConfigurationList section */

/* Begin XCVersionGroup section */
		8246846B1E5475180006E408 /* YourChoice.xcdatamodeld */ = {
			isa = XCVersionGroup;
			children = (
				8246846C1E5475180006E408 /* YourChoice.xcdatamodel */,
			);
			currentVersion = 8246846C1E5475180006E408 /* YourChoice.xcdatamodel */;
			name = YourChoice.xcdatamodeld;
			path = "Core Data/YourChoice.xcdatamodeld";
			sourceTree = "<group>";
			versionGroupType = wrapper.xcdatamodel;
		};
/* End XCVersionGroup section */
	};
	rootObject = 82F7CEC31E4F8B23001FB75D /* Project object */;
}
